
Microsoft Visual Studio Solution File, Format Version 12.00
# Visual Studio Version 16
VisualStudioVersion = 16.0.29215.179
MinimumVisualStudioVersion = 10.0.40219.1
Project("{8BC9CEB8-8B4A-11D0-8D11-00A0C91BC942}") = "Leha", "Leha.vcxproj", "{03A71852-245E-4EEB-89DD-0D258D12FCB8}"
EndProject
Global
	GlobalSection(SolutionConfigurationPlatforms) = preSolution
		Debug|x64 = Debug|x64
		Debug|x86 = Debug|x86
		Release|x64 = Release|x64
		Release|x86 = Release|x86
	EndGlobalSection
	GlobalSection(ProjectConfigurationPlatforms) = postSolution
		{03A71852-245E-4EEB-89DD-0D258D12FCB8}.Debug|x64.ActiveCfg = Debug|x64
		{03A71852-245E-4EEB-89DD-0D258D12FCB8}.Debug|x64.Build.0 = Debug|x64
		{03A71852-245E-4EEB-89DD-0D258D12FCB8}.Debug|x86.ActiveCfg = Debug|Win32
		{03A71852-245E-4EEB-89DD-0D258D12FCB8}.Debug|x86.Build.0 = Debug|Win32
		{03A71852-245E-4EEB-89DD-0D258D12FCB8}.Release|x64.ActiveCfg = Release|x64
		{03A71852-245E-4EEB-89DD-0D258D12FCB8}.Release|x64.Build.0 = Release|x64
		{03A71852-245E-4EEB-89DD-0D258D12FCB8}.Release|x86.ActiveCfg = Release|Win32
		{03A71852-245E-4EEB-89DD-0D258D12FCB8}.Release|x86.Build.0 = Release|Win32
	EndGlobalSection
	GlobalSection(SolutionProperties) = preSolution
		HideSolutionNode = FALSE
	EndGlobalSection
	GlobalSection(ExtensibilityGlobals) = postSolution
		SolutionGuid = {48981E3B-6CE3-4AF9-A788-83232B3EBF60}
	EndGlobalSection
EndGlobal
